
Microsoft Visual Studio Solution File, Format Version 12.00
Project("{FAE04EC0-301F-11D3-BF4B-00C04F79EFBC}") = "PhotoAnalyzer.API", "PhotoAnalyzer.API\PhotoAnalyzer.API.csproj", "{F1C6B32D-367B-4185-96B0-7B4FB0678CCF}"
EndProject
Project("{FAE04EC0-301F-11D3-BF4B-00C04F79EFBC}") = "PhotoAnalyzer.Frontend", "PhotoAnalyzer.Frontend\PhotoAnalyzer.Frontend.csproj", "{E89DF596-39ED-4824-8943-5F92CC9A2A67}"
EndProject
Global
	GlobalSection(SolutionConfigurationPlatforms) = preSolution
		Debug|Any CPU = Debug|Any CPU
		Release|Any CPU = Release|Any CPU
	EndGlobalSection
	GlobalSection(ProjectConfigurationPlatforms) = postSolution
		{F1C6B32D-367B-4185-96B0-7B4FB0678CCF}.Debug|Any CPU.ActiveCfg = Debug|Any CPU
		{F1C6B32D-367B-4185-96B0-7B4FB0678CCF}.Debug|Any CPU.Build.0 = Debug|Any CPU
		{F1C6B32D-367B-4185-96B0-7B4FB0678CCF}.Release|Any CPU.ActiveCfg = Release|Any CPU
		{F1C6B32D-367B-4185-96B0-7B4FB0678CCF}.Release|Any CPU.Build.0 = Release|Any CPU
		{E89DF596-39ED-4824-8943-5F92CC9A2A67}.Debug|Any CPU.ActiveCfg = Debug|Any CPU
		{E89DF596-39ED-4824-8943-5F92CC9A2A67}.Debug|Any CPU.Build.0 = Debug|Any CPU
		{E89DF596-39ED-4824-8943-5F92CC9A2A67}.Release|Any CPU.ActiveCfg = Release|Any CPU
		{E89DF596-39ED-4824-8943-5F92CC9A2A67}.Release|Any CPU.Build.0 = Release|Any CPU
	EndGlobalSection
EndGlobal
